
Microsoft Visual Studio Solution File, Format Version 12.00
# Visual Studio 14
VisualStudioVersion = 14.0.25420.1
MinimumVisualStudioVersion = 10.0.40219.1
Project("{FAE04EC0-301F-11D3-BF4B-00C04F79EFBC}") = "BirdTouch Server", "BirdTouch Server\BirdTouch Server.csproj", "{514F22A9-7B73-46B3-AD89-016038DF03AF}"
EndProject
Global
	GlobalSection(SolutionConfigurationPlatforms) = preSolution
		Debug|Any CPU = Debug|Any CPU
		Release|Any CPU = Release|Any CPU
	EndGlobalSection
	GlobalSection(ProjectConfigurationPlatforms) = postSolution
		{514F22A9-7B73-46B3-AD89-016038DF03AF}.Debug|Any CPU.ActiveCfg = Debug|Any CPU
		{514F22A9-7B73-46B3-AD89-016038DF03AF}.Debug|Any CPU.Build.0 = Debug|Any CPU
		{514F22A9-7B73-46B3-AD89-016038DF03AF}.Release|Any CPU.ActiveCfg = Release|Any CPU
		{514F22A9-7B73-46B3-AD89-016038DF03AF}.Release|Any CPU.Build.0 = Release|Any CPU
	EndGlobalSection
	GlobalSection(SolutionProperties) = preSolution
		HideSolutionNode = FALSE
	EndGlobalSection
EndGlobal
